
Microsoft Visual Studio Solution File, Format Version 12.00
# Visual Studio Version 17
VisualStudioVersion = 17.14.36915.13 d17.14
MinimumVisualStudioVersion = 10.0.40219.1
Project("{FAE04EC0-301F-11D3-BF4B-00C04F79EFBC}") = "Tamagotchi", "Tamagotchi.csproj", "{1F0E76D1-3DE6-416B-85A0-5F7615F89435}"
EndProject
Global
	GlobalSection(SolutionConfigurationPlatforms) = preSolution
		Debug|Any CPU = Debug|Any CPU
		Release|Any CPU = Release|Any CPU
	EndGlobalSection
	GlobalSection(ProjectConfigurationPlatforms) = postSolution
		{1F0E76D1-3DE6-416B-85A0-5F7615F89435}.Debug|Any CPU.ActiveCfg = Debug|Any CPU
		{1F0E76D1-3DE6-416B-85A0-5F7615F89435}.Debug|Any CPU.Build.0 = Debug|Any CPU
		{1F0E76D1-3DE6-416B-85A0-5F7615F89435}.Release|Any CPU.ActiveCfg = Release|Any CPU
		{1F0E76D1-3DE6-416B-85A0-5F7615F89435}.Release|Any CPU.Build.0 = Release|Any CPU
	EndGlobalSection
	GlobalSection(SolutionProperties) = preSolution
		HideSolutionNode = FALSE
	EndGlobalSection
	GlobalSection(ExtensibilityGlobals) = postSolution
		SolutionGuid = {309397FE-8460-44C7-A1EF-6202665BA398}
	EndGlobalSection
EndGlobal
